<Solution>
  <Folder Name="/src/" />
  <Folder Name="/src/Guia01/" />
  <Folder Name="/src/Guia01/EJ01/">
    <Project Path="src/Guia01/EJ01/01EJ01.csproj" />
  </Folder>
  <Folder Name="/src/Guia01/EJ02/">
    <Project Path="src/Guia01/EJ02/01EJ02.csproj" />
  </Folder>
  <Folder Name="/src/Guia01/EJ03/">
    <Project Path="src/Guia01/EJ03/01EJ03.csproj" />
  </Folder>
  <Folder Name="/src/Guia01/EJ04/">
    <Project Path="src/Guia01/EJ04/01EJ04.csproj" />
  </Folder>
  <Folder Name="/src/Guia01/EJ06/">
    <Project Path="src/Guia01/EJ06/01EJ06.csproj" />
  </Folder>
  <Folder Name="/src/Guia01/EJ07/">
    <Project Path="src/Guia01/EJ07/01EJ07.csproj" />
  </Folder>
  <Folder Name="/src/Guia01/EJ08/">
    <Project Path="src/Guia01/EJ08/01EJ08.csproj" />
  </Folder>
  <Folder Name="/src/Guia01/EJ09/">
    <Project Path="src/Guia01/EJ09/01EJ09.csproj" />
  </Folder>
  <Folder Name="/src/Guia01/EJ10/">
    <Project Path="src/Guia01/EJ10/01EJ10.csproj" />
  </Folder>
  <Folder Name="/src/Guia01/EJ11/">
    <Project Path="src/Guia01/EJ11/01EJ11.csproj" />
  </Folder>
  <Folder Name="/src/Guia01/EJ12/">
    <Project Path="src/Guia01/EJ12/01EJ12.csproj" />
  </Folder>
</Solution>